
Microsoft Visual Studio Solution File, Format Version 12.00
# Visual Studio Version 16
VisualStudioVersion = 16.0.31005.135
MinimumVisualStudioVersion = 10.0.40219.1
Project("{FAE04EC0-301F-11D3-BF4B-00C04F79EFBC}") = "Calorie budget", "Calorie budget\Calorie budget.csproj", "{5E4419A4-8DAF-4D8C-AB3A-5B102ECDE90A}"
EndProject
Global
	GlobalSection(SolutionConfigurationPlatforms) = preSolution
		Debug|Any CPU = Debug|Any CPU
		Release|Any CPU = Release|Any CPU
	EndGlobalSection
	GlobalSection(ProjectConfigurationPlatforms) = postSolution
		{5E4419A4-8DAF-4D8C-AB3A-5B102ECDE90A}.Debug|Any CPU.ActiveCfg = Debug|Any CPU
		{5E4419A4-8DAF-4D8C-AB3A-5B102ECDE90A}.Debug|Any CPU.Build.0 = Debug|Any CPU
		{5E4419A4-8DAF-4D8C-AB3A-5B102ECDE90A}.Release|Any CPU.ActiveCfg = Release|Any CPU
		{5E4419A4-8DAF-4D8C-AB3A-5B102ECDE90A}.Release|Any CPU.Build.0 = Release|Any CPU
	EndGlobalSection
	GlobalSection(SolutionProperties) = preSolution
		HideSolutionNode = FALSE
	EndGlobalSection
	GlobalSection(ExtensibilityGlobals) = postSolution
		SolutionGuid = {72D9338B-4092-4DB6-996D-E3CB55C02195}
	EndGlobalSection
EndGlobal
